
Microsoft Visual Studio Solution File, Format Version 12.00
# Visual Studio Version 17
VisualStudioVersion = 17.7.34202.233
MinimumVisualStudioVersion = 10.0.40219.1
Project("{9A19103F-16F7-4668-BE54-9A1E7A4F7556}") = "Dunnatello", "Dunnatello.csproj", "{43295757-A954-49A4-816E-06EF21B01B5A}"
EndProject
Global
	GlobalSection(SolutionConfigurationPlatforms) = preSolution
		Debug|Any CPU = Debug|Any CPU
		Release|Any CPU = Release|Any CPU
	EndGlobalSection
	GlobalSection(ProjectConfigurationPlatforms) = postSolution
		{43295757-A954-49A4-816E-06EF21B01B5A}.Debug|Any CPU.ActiveCfg = Debug|Any CPU
		{43295757-A954-49A4-816E-06EF21B01B5A}.Debug|Any CPU.Build.0 = Debug|Any CPU
		{43295757-A954-49A4-816E-06EF21B01B5A}.Release|Any CPU.ActiveCfg = Release|Any CPU
		{43295757-A954-49A4-816E-06EF21B01B5A}.Release|Any CPU.Build.0 = Release|Any CPU
	EndGlobalSection
	GlobalSection(SolutionProperties) = preSolution
		HideSolutionNode = FALSE
	EndGlobalSection
	GlobalSection(ExtensibilityGlobals) = postSolution
		SolutionGuid = {51C35E8F-104E-4CD4-BD20-145C6AEB60E4}
	EndGlobalSection
EndGlobal
